
Microsoft Visual Studio Solution File, Format Version 12.00
# Visual Studio Version 16
VisualStudioVersion = 16.0.30611.23
MinimumVisualStudioVersion = 10.0.40219.1
Project("{FAE04EC0-301F-11D3-BF4B-00C04F79EFBC}") = "SocketServer", "SocketServer\SocketServer.csproj", "{90B3A6EF-8343-411E-86F9-FFC9415C1A7A}"
EndProject
Project("{FAE04EC0-301F-11D3-BF4B-00C04F79EFBC}") = "SocketClientApp", "SocketClientApp\SocketClientApp.csproj", "{1A35C8F2-E208-4133-9DF8-C819E37A1508}"
EndProject
Global
	GlobalSection(SolutionConfigurationPlatforms) = preSolution
		Debug|Any CPU = Debug|Any CPU
		Release|Any CPU = Release|Any CPU
	EndGlobalSection
	GlobalSection(ProjectConfigurationPlatforms) = postSolution
		{90B3A6EF-8343-411E-86F9-FFC9415C1A7A}.Debug|Any CPU.ActiveCfg = Debug|Any CPU
		{90B3A6EF-8343-411E-86F9-FFC9415C1A7A}.Debug|Any CPU.Build.0 = Debug|Any CPU
		{90B3A6EF-8343-411E-86F9-FFC9415C1A7A}.Release|Any CPU.ActiveCfg = Release|Any CPU
		{90B3A6EF-8343-411E-86F9-FFC9415C1A7A}.Release|Any CPU.Build.0 = Release|Any CPU
		{1A35C8F2-E208-4133-9DF8-C819E37A1508}.Debug|Any CPU.ActiveCfg = Debug|Any CPU
		{1A35C8F2-E208-4133-9DF8-C819E37A1508}.Debug|Any CPU.Build.0 = Debug|Any CPU
		{1A35C8F2-E208-4133-9DF8-C819E37A1508}.Release|Any CPU.ActiveCfg = Release|Any CPU
		{1A35C8F2-E208-4133-9DF8-C819E37A1508}.Release|Any CPU.Build.0 = Release|Any CPU
	EndGlobalSection
	GlobalSection(SolutionProperties) = preSolution
		HideSolutionNode = FALSE
	EndGlobalSection
	GlobalSection(ExtensibilityGlobals) = postSolution
		SolutionGuid = {B6EC3C2B-F954-4643-A3B5-45F001D112CD}
	EndGlobalSection
EndGlobal
